
Microsoft Visual Studio Solution File, Format Version 12.00
# Visual Studio Version 17
VisualStudioVersion = 17.8.34330.188
MinimumVisualStudioVersion = 10.0.40219.1
Project("{2150E333-8FDC-42A3-9474-1A3956D46DE8}") = "src", "src", "{9CCBED63-D7DA-4355-A702-7DEFAE7AD0E2}"
EndProject
Project("{2150E333-8FDC-42A3-9474-1A3956D46DE8}") = "web-api", "web-api", "{94F06AE5-C54C-49AB-86D3-98309C751ADC}"
EndProject
Project("{2150E333-8FDC-42A3-9474-1A3956D46DE8}") = "web-site", "web-site", "{E4CEF279-FBDF-4514-B8B4-5A91FE172FFF}"
EndProject
Project("{2150E333-8FDC-42A3-9474-1A3956D46DE8}") = "infrastructure", "infrastructure", "{12767726-55BC-4C12-8FE7-8C2A32464B0D}"
EndProject
Project("{2150E333-8FDC-42A3-9474-1A3956D46DE8}") = "core", "core", "{97533132-C236-46D8-A430-1AD8DC15895C}"
EndProject
Project("{2150E333-8FDC-42A3-9474-1A3956D46DE8}") = "application", "application", "{11BD5553-892D-40B6-9474-4A1903D4A4D9}"
EndProject
Project("{2150E333-8FDC-42A3-9474-1A3956D46DE8}") = "presentation", "presentation", "{5897AE04-1548-4FDF-B11C-35739F6C3279}"
EndProject
Project("{FAE04EC0-301F-11D3-BF4B-00C04F79EFBC}") = "Netby.Todo.Persistence", "src\web-api\infrastructure\Netby.Todo.Persistence\Netby.Todo.Persistence.csproj", "{B2DDAA9C-5CB7-4E4A-B9BE-ED831AC8F126}"
EndProject
Project("{9A19103F-16F7-4668-BE54-9A1E7A4F7556}") = "Netby.Todo.Domain", "src\web-api\core\Netby.Todo.Domain\Netby.Todo.Domain.csproj", "{75E33C71-325A-4ECB-A3EA-5A4F141C7EC5}"
EndProject
Global
	GlobalSection(SolutionConfigurationPlatforms) = preSolution
		Debug|Any CPU = Debug|Any CPU
		Release|Any CPU = Release|Any CPU
	EndGlobalSection
	GlobalSection(ProjectConfigurationPlatforms) = postSolution
		{B2DDAA9C-5CB7-4E4A-B9BE-ED831AC8F126}.Debug|Any CPU.ActiveCfg = Debug|Any CPU
		{B2DDAA9C-5CB7-4E4A-B9BE-ED831AC8F126}.Debug|Any CPU.Build.0 = Debug|Any CPU
		{B2DDAA9C-5CB7-4E4A-B9BE-ED831AC8F126}.Release|Any CPU.ActiveCfg = Release|Any CPU
		{B2DDAA9C-5CB7-4E4A-B9BE-ED831AC8F126}.Release|Any CPU.Build.0 = Release|Any CPU
		{75E33C71-325A-4ECB-A3EA-5A4F141C7EC5}.Debug|Any CPU.ActiveCfg = Debug|Any CPU
		{75E33C71-325A-4ECB-A3EA-5A4F141C7EC5}.Debug|Any CPU.Build.0 = Debug|Any CPU
		{75E33C71-325A-4ECB-A3EA-5A4F141C7EC5}.Release|Any CPU.ActiveCfg = Release|Any CPU
		{75E33C71-325A-4ECB-A3EA-5A4F141C7EC5}.Release|Any CPU.Build.0 = Release|Any CPU
	EndGlobalSection
	GlobalSection(SolutionProperties) = preSolution
		HideSolutionNode = FALSE
	EndGlobalSection
	GlobalSection(NestedProjects) = preSolution
		{94F06AE5-C54C-49AB-86D3-98309C751ADC} = {9CCBED63-D7DA-4355-A702-7DEFAE7AD0E2}
		{E4CEF279-FBDF-4514-B8B4-5A91FE172FFF} = {9CCBED63-D7DA-4355-A702-7DEFAE7AD0E2}
		{12767726-55BC-4C12-8FE7-8C2A32464B0D} = {94F06AE5-C54C-49AB-86D3-98309C751ADC}
		{97533132-C236-46D8-A430-1AD8DC15895C} = {94F06AE5-C54C-49AB-86D3-98309C751ADC}
		{11BD5553-892D-40B6-9474-4A1903D4A4D9} = {94F06AE5-C54C-49AB-86D3-98309C751ADC}
		{5897AE04-1548-4FDF-B11C-35739F6C3279} = {94F06AE5-C54C-49AB-86D3-98309C751ADC}
		{B2DDAA9C-5CB7-4E4A-B9BE-ED831AC8F126} = {12767726-55BC-4C12-8FE7-8C2A32464B0D}
		{75E33C71-325A-4ECB-A3EA-5A4F141C7EC5} = {97533132-C236-46D8-A430-1AD8DC15895C}
	EndGlobalSection
	GlobalSection(ExtensibilityGlobals) = postSolution
		SolutionGuid = {3E37A82F-EB6C-4ADB-A581-D6FDAD52F79C}
	EndGlobalSection
EndGlobal
